
Microsoft Visual Studio Solution File, Format Version 12.00
Project("{FAE04EC0-301F-11D3-BF4B-00C04F79EFBC}") = "Workflow.Api", "Workflow.Api\Workflow.Api.csproj", "{E4DC850C-6352-4C86-88CC-450DF2E9E979}"
EndProject
Project("{FAE04EC0-301F-11D3-BF4B-00C04F79EFBC}") = "Workflow.Application", "Workflow.Application\Workflow.Application.csproj", "{92A439D5-D8DE-4EFE-BEF8-1DE1BF28BDA2}"
EndProject
Project("{FAE04EC0-301F-11D3-BF4B-00C04F79EFBC}") = "Workflow.Core", "Workflow.Core\Workflow.Core.csproj", "{469EE49D-1190-4D9B-B94A-0351EEC1FB06}"
EndProject
Project("{FAE04EC0-301F-11D3-BF4B-00C04F79EFBC}") = "Workflow.Domain", "Workflow.Domain\Workflow.Domain.csproj", "{11A304ED-01B3-4358-A27C-73CC115B5217}"
EndProject
Project("{FAE04EC0-301F-11D3-BF4B-00C04F79EFBC}") = "Workflow.Persistense", "Workflow.Persistense\Workflow.Persistense.csproj", "{D16EDD74-826C-405A-85EC-8958E9C94AE7}"
EndProject
Project("{FAE04EC0-301F-11D3-BF4B-00C04F79EFBC}") = "Workflow.Tests", "Workflow.Tests\Workflow.Tests.csproj", "{A10CDB50-208A-49E1-AEB9-4EC736408BC2}"
EndProject
Global
	GlobalSection(SolutionConfigurationPlatforms) = preSolution
		Debug|Any CPU = Debug|Any CPU
		Release|Any CPU = Release|Any CPU
	EndGlobalSection
	GlobalSection(ProjectConfigurationPlatforms) = postSolution
		{E4DC850C-6352-4C86-88CC-450DF2E9E979}.Debug|Any CPU.ActiveCfg = Debug|Any CPU
		{E4DC850C-6352-4C86-88CC-450DF2E9E979}.Debug|Any CPU.Build.0 = Debug|Any CPU
		{E4DC850C-6352-4C86-88CC-450DF2E9E979}.Release|Any CPU.ActiveCfg = Release|Any CPU
		{E4DC850C-6352-4C86-88CC-450DF2E9E979}.Release|Any CPU.Build.0 = Release|Any CPU
		{92A439D5-D8DE-4EFE-BEF8-1DE1BF28BDA2}.Debug|Any CPU.ActiveCfg = Debug|Any CPU
		{92A439D5-D8DE-4EFE-BEF8-1DE1BF28BDA2}.Debug|Any CPU.Build.0 = Debug|Any CPU
		{92A439D5-D8DE-4EFE-BEF8-1DE1BF28BDA2}.Release|Any CPU.ActiveCfg = Release|Any CPU
		{92A439D5-D8DE-4EFE-BEF8-1DE1BF28BDA2}.Release|Any CPU.Build.0 = Release|Any CPU
		{469EE49D-1190-4D9B-B94A-0351EEC1FB06}.Debug|Any CPU.ActiveCfg = Debug|Any CPU
		{469EE49D-1190-4D9B-B94A-0351EEC1FB06}.Debug|Any CPU.Build.0 = Debug|Any CPU
		{469EE49D-1190-4D9B-B94A-0351EEC1FB06}.Release|Any CPU.ActiveCfg = Release|Any CPU
		{469EE49D-1190-4D9B-B94A-0351EEC1FB06}.Release|Any CPU.Build.0 = Release|Any CPU
		{11A304ED-01B3-4358-A27C-73CC115B5217}.Debug|Any CPU.ActiveCfg = Debug|Any CPU
		{11A304ED-01B3-4358-A27C-73CC115B5217}.Debug|Any CPU.Build.0 = Debug|Any CPU
		{11A304ED-01B3-4358-A27C-73CC115B5217}.Release|Any CPU.ActiveCfg = Release|Any CPU
		{11A304ED-01B3-4358-A27C-73CC115B5217}.Release|Any CPU.Build.0 = Release|Any CPU
		{D16EDD74-826C-405A-85EC-8958E9C94AE7}.Debug|Any CPU.ActiveCfg = Debug|Any CPU
		{D16EDD74-826C-405A-85EC-8958E9C94AE7}.Debug|Any CPU.Build.0 = Debug|Any CPU
		{D16EDD74-826C-405A-85EC-8958E9C94AE7}.Release|Any CPU.ActiveCfg = Release|Any CPU
		{D16EDD74-826C-405A-85EC-8958E9C94AE7}.Release|Any CPU.Build.0 = Release|Any CPU
		{A10CDB50-208A-49E1-AEB9-4EC736408BC2}.Debug|Any CPU.ActiveCfg = Debug|Any CPU
		{A10CDB50-208A-49E1-AEB9-4EC736408BC2}.Debug|Any CPU.Build.0 = Debug|Any CPU
		{A10CDB50-208A-49E1-AEB9-4EC736408BC2}.Release|Any CPU.ActiveCfg = Release|Any CPU
		{A10CDB50-208A-49E1-AEB9-4EC736408BC2}.Release|Any CPU.Build.0 = Release|Any CPU
	EndGlobalSection
EndGlobal
